
Microsoft Visual Studio Solution File, Format Version 12.00
# Visual Studio 2013
VisualStudioVersion = 12.0.31101.0
MinimumVisualStudioVersion = 10.0.40219.1
Project("{FAE04EC0-301F-11D3-BF4B-00C04F79EFBC}") = "LivingSmartBusinessLogic", "LivingSmartBusinessLogic\LivingSmartBusinessLogic.csproj", "{652743FA-2264-41EF-A011-8CB4A994864E}"
EndProject
Project("{FAE04EC0-301F-11D3-BF4B-00C04F79EFBC}") = "LivingSmartForms", "LivingSmartForms\LivingSmartForms.csproj", "{0A3128CC-72FF-4C06-A647-766EDB970A34}"
EndProject
Project("{FAE04EC0-301F-11D3-BF4B-00C04F79EFBC}") = "LivingSmartWpf", "LivingSmartWpf\LivingSmartWpf.csproj", "{9972728A-B81A-4EA6-8E35-147BF4BCAB3A}"
EndProject
Project("{FAE04EC0-301F-11D3-BF4B-00C04F79EFBC}") = "LivingSmartBusinessLogicTests", "LivingSmartBusinessLogicTests\LivingSmartBusinessLogicTests.csproj", "{C87C058F-92C9-4D7E-92AD-075BC718FEDD}"
EndProject
Project("{FAE04EC0-301F-11D3-BF4B-00C04F79EFBC}") = "SmartControls", "SmartControls\SmartControls.csproj", "{B1DDC8E3-2FA9-43E6-B9AF-654F39F4467E}"
EndProject
Project("{F088123C-0E9E-452A-89E6-6BA2F21D5CAC}") = "ModelingProject1", "ModelingProject1\ModelingProject1.modelproj", "{2C82D8C3-9910-4721-AB9E-A699DBA43E09}"
EndProject
Global
	GlobalSection(SolutionConfigurationPlatforms) = preSolution
		Debug|Any CPU = Debug|Any CPU
		Release|Any CPU = Release|Any CPU
	EndGlobalSection
	GlobalSection(ProjectConfigurationPlatforms) = postSolution
		{652743FA-2264-41EF-A011-8CB4A994864E}.Debug|Any CPU.ActiveCfg = Debug|Any CPU
		{652743FA-2264-41EF-A011-8CB4A994864E}.Debug|Any CPU.Build.0 = Debug|Any CPU
		{652743FA-2264-41EF-A011-8CB4A994864E}.Release|Any CPU.ActiveCfg = Release|Any CPU
		{652743FA-2264-41EF-A011-8CB4A994864E}.Release|Any CPU.Build.0 = Release|Any CPU
		{0A3128CC-72FF-4C06-A647-766EDB970A34}.Debug|Any CPU.ActiveCfg = Debug|Any CPU
		{0A3128CC-72FF-4C06-A647-766EDB970A34}.Debug|Any CPU.Build.0 = Debug|Any CPU
		{0A3128CC-72FF-4C06-A647-766EDB970A34}.Release|Any CPU.ActiveCfg = Release|Any CPU
		{0A3128CC-72FF-4C06-A647-766EDB970A34}.Release|Any CPU.Build.0 = Release|Any CPU
		{9972728A-B81A-4EA6-8E35-147BF4BCAB3A}.Debug|Any CPU.ActiveCfg = Debug|Any CPU
		{9972728A-B81A-4EA6-8E35-147BF4BCAB3A}.Debug|Any CPU.Build.0 = Debug|Any CPU
		{9972728A-B81A-4EA6-8E35-147BF4BCAB3A}.Release|Any CPU.ActiveCfg = Release|Any CPU
		{9972728A-B81A-4EA6-8E35-147BF4BCAB3A}.Release|Any CPU.Build.0 = Release|Any CPU
		{C87C058F-92C9-4D7E-92AD-075BC718FEDD}.Debug|Any CPU.ActiveCfg = Debug|Any CPU
		{C87C058F-92C9-4D7E-92AD-075BC718FEDD}.Debug|Any CPU.Build.0 = Debug|Any CPU
		{C87C058F-92C9-4D7E-92AD-075BC718FEDD}.Release|Any CPU.ActiveCfg = Release|Any CPU
		{C87C058F-92C9-4D7E-92AD-075BC718FEDD}.Release|Any CPU.Build.0 = Release|Any CPU
		{B1DDC8E3-2FA9-43E6-B9AF-654F39F4467E}.Debug|Any CPU.ActiveCfg = Debug|Any CPU
		{B1DDC8E3-2FA9-43E6-B9AF-654F39F4467E}.Debug|Any CPU.Build.0 = Debug|Any CPU
		{B1DDC8E3-2FA9-43E6-B9AF-654F39F4467E}.Release|Any CPU.ActiveCfg = Release|Any CPU
		{B1DDC8E3-2FA9-43E6-B9AF-654F39F4467E}.Release|Any CPU.Build.0 = Release|Any CPU
		{2C82D8C3-9910-4721-AB9E-A699DBA43E09}.Debug|Any CPU.ActiveCfg = Debug|Any CPU
		{2C82D8C3-9910-4721-AB9E-A699DBA43E09}.Debug|Any CPU.Build.0 = Debug|Any CPU
		{2C82D8C3-9910-4721-AB9E-A699DBA43E09}.Release|Any CPU.ActiveCfg = Release|Any CPU
		{2C82D8C3-9910-4721-AB9E-A699DBA43E09}.Release|Any CPU.Build.0 = Release|Any CPU
	EndGlobalSection
	GlobalSection(SolutionProperties) = preSolution
		HideSolutionNode = FALSE
	EndGlobalSection
EndGlobal
